
Microsoft Visual Studio Solution File, Format Version 12.00
# Visual Studio Version 17
VisualStudioVersion = 17.3.32922.545
MinimumVisualStudioVersion = 10.0.40219.1
Project("{9A19103F-16F7-4668-BE54-9A1E7A4F7556}") = "LazyApiPack.Mvvm", "LazyApiPack.Mvvm\LazyApiPack.Mvvm.csproj", "{18498A37-9823-4573-AAF0-2107C9E1CEBF}"
EndProject
Project("{9A19103F-16F7-4668-BE54-9A1E7A4F7556}") = "LazyApiPack.Mvvm.Wpf.Tests", "LazyApiPack.Mvvm.Wpf.Tests\LazyApiPack.Mvvm.Wpf.Tests.csproj", "{DBE7AD18-255B-4AAC-B940-42EEA914CF08}"
EndProject
Project("{FAE04EC0-301F-11D3-BF4B-00C04F79EFBC}") = "LazyApiPack.Mvvm.Wpf", "LazyApiPack.Mvvm.Wpf\LazyApiPack.Mvvm.Wpf.csproj", "{682FF985-5356-4D9F-9812-2EA33F095329}"
EndProject
Global
	GlobalSection(SolutionConfigurationPlatforms) = preSolution
		Debug|Any CPU = Debug|Any CPU
		Release|Any CPU = Release|Any CPU
	EndGlobalSection
	GlobalSection(ProjectConfigurationPlatforms) = postSolution
		{18498A37-9823-4573-AAF0-2107C9E1CEBF}.Debug|Any CPU.ActiveCfg = Debug|Any CPU
		{18498A37-9823-4573-AAF0-2107C9E1CEBF}.Debug|Any CPU.Build.0 = Debug|Any CPU
		{18498A37-9823-4573-AAF0-2107C9E1CEBF}.Release|Any CPU.ActiveCfg = Release|Any CPU
		{18498A37-9823-4573-AAF0-2107C9E1CEBF}.Release|Any CPU.Build.0 = Release|Any CPU
		{DBE7AD18-255B-4AAC-B940-42EEA914CF08}.Debug|Any CPU.ActiveCfg = Debug|Any CPU
		{DBE7AD18-255B-4AAC-B940-42EEA914CF08}.Debug|Any CPU.Build.0 = Debug|Any CPU
		{DBE7AD18-255B-4AAC-B940-42EEA914CF08}.Release|Any CPU.ActiveCfg = Release|Any CPU
		{DBE7AD18-255B-4AAC-B940-42EEA914CF08}.Release|Any CPU.Build.0 = Release|Any CPU
		{682FF985-5356-4D9F-9812-2EA33F095329}.Debug|Any CPU.ActiveCfg = Debug|Any CPU
		{682FF985-5356-4D9F-9812-2EA33F095329}.Debug|Any CPU.Build.0 = Debug|Any CPU
		{682FF985-5356-4D9F-9812-2EA33F095329}.Release|Any CPU.ActiveCfg = Release|Any CPU
		{682FF985-5356-4D9F-9812-2EA33F095329}.Release|Any CPU.Build.0 = Release|Any CPU
	EndGlobalSection
	GlobalSection(SolutionProperties) = preSolution
		HideSolutionNode = FALSE
	EndGlobalSection
	GlobalSection(ExtensibilityGlobals) = postSolution
		SolutionGuid = {B4BAAA45-79F8-489B-B22D-D4EB85802349}
	EndGlobalSection
EndGlobal
