
Microsoft Visual Studio Solution File, Format Version 12.00
# Visual Studio Version 17
VisualStudioVersion = 17.6.33829.357
MinimumVisualStudioVersion = 10.0.40219.1
Project("{FAE04EC0-301F-11D3-BF4B-00C04F79EFBC}") = "LazyApiPack.Mvvm.Debug.Module", "LazyApiPack.Mvvm.Debug.Module\LazyApiPack.Mvvm.Debug.Module.csproj", "{ABFC250F-C67D-4C08-A488-9E01A167929A}"
EndProject
Global
	GlobalSection(SolutionConfigurationPlatforms) = preSolution
		Debug|Any CPU = Debug|Any CPU
		Release|Any CPU = Release|Any CPU
	EndGlobalSection
	GlobalSection(ProjectConfigurationPlatforms) = postSolution
		{ABFC250F-C67D-4C08-A488-9E01A167929A}.Debug|Any CPU.ActiveCfg = Debug|Any CPU
		{ABFC250F-C67D-4C08-A488-9E01A167929A}.Debug|Any CPU.Build.0 = Debug|Any CPU
		{ABFC250F-C67D-4C08-A488-9E01A167929A}.Release|Any CPU.ActiveCfg = Release|Any CPU
		{ABFC250F-C67D-4C08-A488-9E01A167929A}.Release|Any CPU.Build.0 = Release|Any CPU
	EndGlobalSection
	GlobalSection(SolutionProperties) = preSolution
		HideSolutionNode = FALSE
	EndGlobalSection
	GlobalSection(ExtensibilityGlobals) = postSolution
		SolutionGuid = {130CCB6C-473E-46BF-A23A-ED97CCB110A2}
	EndGlobalSection
EndGlobal
